// !$*UTF8*$!
{
	archiveVersion = 1;
	classes = {
	};
	objectVersion = 77;
	objects = {

/* Begin PBXBuildFile section */
		3BE0454F2F5F761B00224274 /* las.c in Sources */ = {isa = PBXBuildFile; fileRef = 3BE045262F5F70AF00224274 /* las.c */; };
		3BE045522F5F787C00224274 /* liblaz_rs_c.a in Frameworks */ = {isa = PBXBuildFile; fileRef = 3BE045512F5F787C00224274 /* liblaz_rs_c.a */; };
		3BE045592F5F801D00224274 /* lazrs_cpp.cpp in Sources */ = {isa = PBXBuildFile; fileRef = 3BE045112F5F70AF00224274 /* lazrs_cpp.cpp */; };
		3BE0455A2F5F850000224274 /* liblaz-rs-c.a in Frameworks */ = {isa = PBXBuildFile; fileRef = 3BE045482F5F712200224274 /* liblaz-rs-c.a */; };
		3BE32F0F2F4B433D0087AF8E /* liblaszip_api.8.0.6.dylib in Frameworks */ = {isa = PBXBuildFile; fileRef = 3BE32F0E2F4B433D0087AF8E /* liblaszip_api.8.0.6.dylib */; };
/* End PBXBuildFile section */

/* Begin PBXContainerItemProxy section */
		3BE0454C2F5F712A00224274 /* PBXContainerItemProxy */ = {
			isa = PBXContainerItemProxy;
			containerPortal = 3BE32DB62F4B173E0087AF8E /* Project object */;
			proxyType = 1;
			remoteGlobalIDString = 3BE045472F5F712200224274;
			remoteInfo = "laz-rs-c";
		};
/* End PBXContainerItemProxy section */

/* Begin PBXFileReference section */
		3BE045102F5F70AF00224274 /* CMakeLists.txt */ = {isa = PBXFileReference; lastKnownFileType = text; path = CMakeLists.txt; sourceTree = "<group>"; };
		3BE045112F5F70AF00224274 /* lazrs_cpp.cpp */ = {isa = PBXFileReference; lastKnownFileType = sourcecode.cpp.cpp; path = lazrs_cpp.cpp; sourceTree = "<group>"; };
		3BE045132F5F70AF00224274 /* c_decompressor.c */ = {isa = PBXFileReference; lastKnownFileType = sourcecode.c.c; path = c_decompressor.c; sourceTree = "<group>"; };
		3BE045142F5F70AF00224274 /* CMakeLists.txt */ = {isa = PBXFileReference; lastKnownFileType = text; path = CMakeLists.txt; sourceTree = "<group>"; };
		3BE045152F5F70AF00224274 /* cpp_decompressor.cpp */ = {isa = PBXFileReference; lastKnownFileType = sourcecode.cpp.cpp; path = cpp_decompressor.cpp; sourceTree = "<group>"; };
		3BE045162F5F70AF00224274 /* cpp_pardecompressor.cpp */ = {isa = PBXFileReference; lastKnownFileType = sourcecode.cpp.cpp; path = cpp_pardecompressor.cpp; sourceTree = "<group>"; };
		3BE045182F5F70AF00224274 /* lazrs_cpp.h */ = {isa = PBXFileReference; lastKnownFileType = sourcecode.c.h; path = lazrs_cpp.h; sourceTree = "<group>"; };
		3BE0451B2F5F70AF00224274 /* io.rs */ = {isa = PBXFileReference; lastKnownFileType = text; path = io.rs; sourceTree = "<group>"; };
		3BE0451C2F5F70AF00224274 /* lib.rs */ = {isa = PBXFileReference; lastKnownFileType = text; path = lib.rs; sourceTree = "<group>"; };
		3BE0451E2F5F70AF00224274 /* build.rs */ = {isa = PBXFileReference; lastKnownFileType = text; path = build.rs; sourceTree = "<group>"; };
		3BE0451F2F5F70AF00224274 /* Cargo.toml */ = {isa = PBXFileReference; lastKnownFileType = text; path = Cargo.toml; sourceTree = "<group>"; };
		3BE045202F5F70AF00224274 /* cbindgen.toml */ = {isa = PBXFileReference; lastKnownFileType = text; path = cbindgen.toml; sourceTree = "<group>"; };
		3BE045212F5F70AF00224274 /* CMakeLists.txt */ = {isa = PBXFileReference; lastKnownFileType = text; path = CMakeLists.txt; sourceTree = "<group>"; };
		3BE045232F5F70AF00224274 /* las.h */ = {isa = PBXFileReference; lastKnownFileType = sourcecode.c.h; path = las.h; sourceTree = "<group>"; };
		3BE045262F5F70AF00224274 /* las.c */ = {isa = PBXFileReference; lastKnownFileType = sourcecode.c.c; path = las.c; sourceTree = "<group>"; };
		3BE045282F5F70AF00224274 /* CMakeLists.txt */ = {isa = PBXFileReference; lastKnownFileType = text; path = CMakeLists.txt; sourceTree = "<group>"; };
		3BE0452A2F5F70AF00224274 /* .clang-format */ = {isa = PBXFileReference; lastKnownFileType = text; path = ".clang-format"; sourceTree = "<group>"; };
		3BE0452B2F5F70AF00224274 /* .gitignore */ = {isa = PBXFileReference; lastKnownFileType = text; path = .gitignore; sourceTree = "<group>"; };
		3BE0452C2F5F70AF00224274 /* CMakeLists.txt */ = {isa = PBXFileReference; lastKnownFileType = text; path = CMakeLists.txt; sourceTree = "<group>"; };
		3BE0452D2F5F70AF00224274 /* CMakeSettings.json */ = {isa = PBXFileReference; lastKnownFileType = text.json; path = CMakeSettings.json; sourceTree = "<group>"; };
		3BE0452E2F5F70AF00224274 /* LICENSE.md */ = {isa = PBXFileReference; lastKnownFileType = net.daringfireball.markdown; path = LICENSE.md; sourceTree = "<group>"; };
		3BE045482F5F712200224274 /* liblaz-rs-c.a */ = {isa = PBXFileReference; explicitFileType = archive.ar; includeInIndex = 0; path = "liblaz-rs-c.a"; sourceTree = BUILT_PRODUCTS_DIR; };
		3BE045512F5F787C00224274 /* liblaz_rs_c.a */ = {isa = PBXFileReference; lastKnownFileType = archive.ar; name = liblaz_rs_c.a; path = "laz-rs-c/lazrs/target/release/liblaz_rs_c.a"; sourceTree = "<group>"; };
		3BE32DBE2F4B173E0087AF8E /* PointCloudPlayground.app */ = {isa = PBXFileReference; explicitFileType = wrapper.application; includeInIndex = 0; path = PointCloudPlayground.app; sourceTree = BUILT_PRODUCTS_DIR; };
		3BE32F0E2F4B433D0087AF8E /* liblaszip_api.8.0.6.dylib */ = {isa = PBXFileReference; lastKnownFileType = "compiled.mach-o.dylib"; name = liblaszip_api.8.0.6.dylib; path = ../../../../opt/homebrew/lib/liblaszip_api.8.0.6.dylib; sourceTree = "<group>"; };
/* End PBXFileReference section */

/* Begin PBXFileSystemSynchronizedRootGroup section */
		3BE045582F5F7DA000224274 /* CustomModules */ = {
			isa = PBXFileSystemSynchronizedRootGroup;
			path = CustomModules;
			sourceTree = "<group>";
		};
		3BE32DC02F4B173E0087AF8E /* PointCloudPlayground */ = {
			isa = PBXFileSystemSynchronizedRootGroup;
			path = PointCloudPlayground;
			sourceTree = "<group>";
		};
/* End PBXFileSystemSynchronizedRootGroup section */

/* Begin PBXFrameworksBuildPhase section */
		3BE045462F5F712200224274 /* Frameworks */ = {
			isa = PBXFrameworksBuildPhase;
			buildActionMask = 2147483647;
			files = (
			);
			runOnlyForDeploymentPostprocessing = 0;
		};
		3BE32DBB2F4B173E0087AF8E /* Frameworks */ = {
			isa = PBXFrameworksBuildPhase;
			buildActionMask = 2147483647;
			files = (
				3BE045522F5F787C00224274 /* liblaz_rs_c.a in Frameworks */,
				3BE0455A2F5F850000224274 /* liblaz-rs-c.a in Frameworks */,
				3BE32F0F2F4B433D0087AF8E /* liblaszip_api.8.0.6.dylib in Frameworks */,
			);
			runOnlyForDeploymentPostprocessing = 0;
		};
/* End PBXFrameworksBuildPhase section */

/* Begin PBXGroup section */
		3BE045122F5F70AF00224274 /* cpp */ = {
			isa = PBXGroup;
			children = (
				3BE045102F5F70AF00224274 /* CMakeLists.txt */,
				3BE045112F5F70AF00224274 /* lazrs_cpp.cpp */,
			);
			path = cpp;
			sourceTree = "<group>";
		};
		3BE045172F5F70AF00224274 /* examples */ = {
			isa = PBXGroup;
			children = (
				3BE045132F5F70AF00224274 /* c_decompressor.c */,
				3BE045142F5F70AF00224274 /* CMakeLists.txt */,
				3BE045152F5F70AF00224274 /* cpp_decompressor.cpp */,
				3BE045162F5F70AF00224274 /* cpp_pardecompressor.cpp */,
			);
			path = examples;
			sourceTree = "<group>";
		};
		3BE045192F5F70AF00224274 /* lazrs */ = {
			isa = PBXGroup;
			children = (
				3BE045182F5F70AF00224274 /* lazrs_cpp.h */,
			);
			path = lazrs;
			sourceTree = "<group>";
		};
		3BE0451A2F5F70AF00224274 /* include */ = {
			isa = PBXGroup;
			children = (
				3BE045192F5F70AF00224274 /* lazrs */,
			);
			path = include;
			sourceTree = "<group>";
		};
		3BE0451D2F5F70AF00224274 /* src */ = {
			isa = PBXGroup;
			children = (
				3BE0451B2F5F70AF00224274 /* io.rs */,
				3BE0451C2F5F70AF00224274 /* lib.rs */,
			);
			path = src;
			sourceTree = "<group>";
		};
		3BE045222F5F70AF00224274 /* lazrs */ = {
			isa = PBXGroup;
			children = (
				3BE0451A2F5F70AF00224274 /* include */,
				3BE0451D2F5F70AF00224274 /* src */,
				3BE0451E2F5F70AF00224274 /* build.rs */,
				3BE0451F2F5F70AF00224274 /* Cargo.toml */,
				3BE045202F5F70AF00224274 /* cbindgen.toml */,
				3BE045212F5F70AF00224274 /* CMakeLists.txt */,
			);
			path = lazrs;
			sourceTree = "<group>";
		};
		3BE045242F5F70AF00224274 /* minilas */ = {
			isa = PBXGroup;
			children = (
				3BE045232F5F70AF00224274 /* las.h */,
			);
			path = minilas;
			sourceTree = "<group>";
		};
		3BE045252F5F70AF00224274 /* include */ = {
			isa = PBXGroup;
			children = (
				3BE045242F5F70AF00224274 /* minilas */,
			);
			path = include;
			sourceTree = "<group>";
		};
		3BE045272F5F70AF00224274 /* src */ = {
			isa = PBXGroup;
			children = (
				3BE045262F5F70AF00224274 /* las.c */,
			);
			path = src;
			sourceTree = "<group>";
		};
		3BE045292F5F70AF00224274 /* minilas */ = {
			isa = PBXGroup;
			children = (
				3BE045252F5F70AF00224274 /* include */,
				3BE045272F5F70AF00224274 /* src */,
				3BE045282F5F70AF00224274 /* CMakeLists.txt */,
			);
			path = minilas;
			sourceTree = "<group>";
		};
		3BE0452F2F5F70AF00224274 /* laz-rs-c */ = {
			isa = PBXGroup;
			children = (
				3BE045122F5F70AF00224274 /* cpp */,
				3BE045172F5F70AF00224274 /* examples */,
				3BE045222F5F70AF00224274 /* lazrs */,
				3BE045292F5F70AF00224274 /* minilas */,
				3BE0452A2F5F70AF00224274 /* .clang-format */,
				3BE0452B2F5F70AF00224274 /* .gitignore */,
				3BE0452C2F5F70AF00224274 /* CMakeLists.txt */,
				3BE0452D2F5F70AF00224274 /* CMakeSettings.json */,
				3BE0452E2F5F70AF00224274 /* LICENSE.md */,
			);
			path = "laz-rs-c";
			sourceTree = "<group>";
		};
		3BE32DB52F4B173E0087AF8E = {
			isa = PBXGroup;
			children = (
				3BE045582F5F7DA000224274 /* CustomModules */,
				3BE0452F2F5F70AF00224274 /* laz-rs-c */,
				3BE32DC02F4B173E0087AF8E /* PointCloudPlayground */,
				3BE32F0D2F4B433D0087AF8E /* Frameworks */,
				3BE32DBF2F4B173E0087AF8E /* Products */,
			);
			sourceTree = "<group>";
		};
		3BE32DBF2F4B173E0087AF8E /* Products */ = {
			isa = PBXGroup;
			children = (
				3BE32DBE2F4B173E0087AF8E /* PointCloudPlayground.app */,
				3BE045482F5F712200224274 /* liblaz-rs-c.a */,
			);
			name = Products;
			sourceTree = "<group>";
		};
		3BE32F0D2F4B433D0087AF8E /* Frameworks */ = {
			isa = PBXGroup;
			children = (
				3BE045512F5F787C00224274 /* liblaz_rs_c.a */,
				3BE32F0E2F4B433D0087AF8E /* liblaszip_api.8.0.6.dylib */,
			);
			name = Frameworks;
			sourceTree = "<group>";
		};
/* End PBXGroup section */

/* Begin PBXHeadersBuildPhase section */
		3BE045442F5F712200224274 /* Headers */ = {
			isa = PBXHeadersBuildPhase;
			buildActionMask = 2147483647;
			files = (
			);
			runOnlyForDeploymentPostprocessing = 0;
		};
/* End PBXHeadersBuildPhase section */

/* Begin PBXNativeTarget section */
		3BE045472F5F712200224274 /* laz-rs-c */ = {
			isa = PBXNativeTarget;
			buildConfigurationList = 3BE045492F5F712200224274 /* Build configuration list for PBXNativeTarget "laz-rs-c" */;
			buildPhases = (
				3BE0454E2F5F715C00224274 /* Run Script */,
				3BE045442F5F712200224274 /* Headers */,
				3BE045452F5F712200224274 /* Sources */,
				3BE045462F5F712200224274 /* Frameworks */,
			);
			buildRules = (
			);
			dependencies = (
			);
			name = "laz-rs-c";
			packageProductDependencies = (
			);
			productName = "laz-rs-c";
			productReference = 3BE045482F5F712200224274 /* liblaz-rs-c.a */;
			productType = "com.apple.product-type.library.static";
		};
		3BE32DBD2F4B173E0087AF8E /* PointCloudPlayground */ = {
			isa = PBXNativeTarget;
			buildConfigurationList = 3BE32DCB2F4B173F0087AF8E /* Build configuration list for PBXNativeTarget "PointCloudPlayground" */;
			buildPhases = (
				3BE32DBA2F4B173E0087AF8E /* Sources */,
				3BE32DBB2F4B173E0087AF8E /* Frameworks */,
				3BE32DBC2F4B173E0087AF8E /* Resources */,
			);
			buildRules = (
			);
			dependencies = (
				3BE0454D2F5F712A00224274 /* PBXTargetDependency */,
			);
			fileSystemSynchronizedGroups = (
				3BE045582F5F7DA000224274 /* CustomModules */,
				3BE32DC02F4B173E0087AF8E /* PointCloudPlayground */,
			);
			name = PointCloudPlayground;
			packageProductDependencies = (
			);
			productName = PointCloudPlayground;
			productReference = 3BE32DBE2F4B173E0087AF8E /* PointCloudPlayground.app */;
			productType = "com.apple.product-type.application";
		};
/* End PBXNativeTarget section */

/* Begin PBXProject section */
		3BE32DB62F4B173E0087AF8E /* Project object */ = {
			isa = PBXProject;
			attributes = {
				BuildIndependentTargetsInParallel = 1;
				LastSwiftUpdateCheck = 2620;
				LastUpgradeCheck = 2620;
				TargetAttributes = {
					3BE045472F5F712200224274 = {
						CreatedOnToolsVersion = 26.3;
					};
					3BE32DBD2F4B173E0087AF8E = {
						CreatedOnToolsVersion = 26.2;
						LastSwiftMigration = 2620;
					};
				};
			};
			buildConfigurationList = 3BE32DB92F4B173E0087AF8E /* Build configuration list for PBXProject "PointCloudPlayground" */;
			developmentRegion = en;
			hasScannedForEncodings = 0;
			knownRegions = (
				en,
				Base,
			);
			mainGroup = 3BE32DB52F4B173E0087AF8E;
			minimizedProjectReferenceProxies = 1;
			preferredProjectObjectVersion = 77;
			productRefGroup = 3BE32DBF2F4B173E0087AF8E /* Products */;
			projectDirPath = "";
			projectRoot = "";
			targets = (
				3BE32DBD2F4B173E0087AF8E /* PointCloudPlayground */,
				3BE045472F5F712200224274 /* laz-rs-c */,
			);
		};
/* End PBXProject section */

/* Begin PBXResourcesBuildPhase section */
		3BE32DBC2F4B173E0087AF8E /* Resources */ = {
			isa = PBXResourcesBuildPhase;
			buildActionMask = 2147483647;
			files = (
			);
			runOnlyForDeploymentPostprocessing = 0;
		};
/* End PBXResourcesBuildPhase section */

/* Begin PBXShellScriptBuildPhase section */
		3BE0454E2F5F715C00224274 /* Run Script */ = {
			isa = PBXShellScriptBuildPhase;
			buildActionMask = 12;
			files = (
			);
			inputFileListPaths = (
			);
			inputPaths = (
			);
			name = "Run Script";
			outputFileListPaths = (
			);
			outputPaths = (
				"$(SRCROOT)/laz-rs-c/lazrs/target/release/liblaz_rs_c.a",
			);
			runOnlyForDeploymentPostprocessing = 0;
			shellPath = /bin/sh;
			shellScript = "# Load the Rust environment so Xcode can find 'cargo'\nsource \"$HOME/.cargo/env\"\n\n# Go into the Rust directory of your submodule\ncd \"${SRCROOT}/laz-rs-c/lazrs\"\n\n# Build the Rust static library\ncargo build --release --features parallel\n";
		};
/* End PBXShellScriptBuildPhase section */

/* Begin PBXSourcesBuildPhase section */
		3BE045452F5F712200224274 /* Sources */ = {
			isa = PBXSourcesBuildPhase;
			buildActionMask = 2147483647;
			files = (
				3BE0454F2F5F761B00224274 /* las.c in Sources */,
				3BE045592F5F801D00224274 /* lazrs_cpp.cpp in Sources */,
			);
			runOnlyForDeploymentPostprocessing = 0;
		};
		3BE32DBA2F4B173E0087AF8E /* Sources */ = {
			isa = PBXSourcesBuildPhase;
			buildActionMask = 2147483647;
			files = (
			);
			runOnlyForDeploymentPostprocessing = 0;
		};
/* End PBXSourcesBuildPhase section */

/* Begin PBXTargetDependency section */
		3BE0454D2F5F712A00224274 /* PBXTargetDependency */ = {
			isa = PBXTargetDependency;
			target = 3BE045472F5F712200224274 /* laz-rs-c */;
			targetProxy = 3BE0454C2F5F712A00224274 /* PBXContainerItemProxy */;
		};
/* End PBXTargetDependency section */

/* Begin XCBuildConfiguration section */
		3BE0454A2F5F712200224274 /* Debug */ = {
			isa = XCBuildConfiguration;
			buildSettings = {
				CODE_SIGN_STYLE = Automatic;
				DEVELOPMENT_TEAM = 86X9WKP5UU;
				EXECUTABLE_PREFIX = lib;
				HEADER_SEARCH_PATHS = (
					/opt/homebrew/include/laszip/,
					"\"$(SRCROOT)/laz-rs-c/minilas/include\"",
				);
				INCLUDED_RECURSIVE_SEARCH_PATH_SUBDIRECTORIES = "";
				PRODUCT_NAME = "$(TARGET_NAME)";
				SKIP_INSTALL = YES;
			};
			name = Debug;
		};
		3BE0454B2F5F712200224274 /* Release */ = {
			isa = XCBuildConfiguration;
			buildSettings = {
				CODE_SIGN_STYLE = Automatic;
				DEVELOPMENT_TEAM = 86X9WKP5UU;
				EXECUTABLE_PREFIX = lib;
				HEADER_SEARCH_PATHS = (
					/opt/homebrew/include/laszip/,
					"\"$(SRCROOT)/laz-rs-c/minilas/include\"",
				);
				INCLUDED_RECURSIVE_SEARCH_PATH_SUBDIRECTORIES = "";
				PRODUCT_NAME = "$(TARGET_NAME)";
				SKIP_INSTALL = YES;
			};
			name = Release;
		};
		3BE32DC92F4B173F0087AF8E /* Debug */ = {
			isa = XCBuildConfiguration;
			buildSettings = {
				ALWAYS_SEARCH_USER_PATHS = NO;
				ASSETCATALOG_COMPILER_GENERATE_SWIFT_ASSET_SYMBOL_EXTENSIONS = YES;
				CLANG_ANALYZER_NONNULL = YES;
				CLANG_ANALYZER_NUMBER_OBJECT_CONVERSION = YES_AGGRESSIVE;
				CLANG_CXX_LANGUAGE_STANDARD = "gnu++20";
				CLANG_ENABLE_MODULES = YES;
				CLANG_ENABLE_OBJC_ARC = YES;
				CLANG_ENABLE_OBJC_WEAK = YES;
				CLANG_WARN_BLOCK_CAPTURE_AUTORELEASING = YES;
				CLANG_WARN_BOOL_CONVERSION = YES;
				CLANG_WARN_COMMA = YES;
				CLANG_WARN_CONSTANT_CONVERSION = YES;
				CLANG_WARN_DEPRECATED_OBJC_IMPLEMENTATIONS = YES;
				CLANG_WARN_DIRECT_OBJC_ISA_USAGE = YES_ERROR;
				CLANG_WARN_DOCUMENTATION_COMMENTS = YES;
				CLANG_WARN_EMPTY_BODY = YES;
				CLANG_WARN_ENUM_CONVERSION = YES;
				CLANG_WARN_INFINITE_RECURSION = YES;
				CLANG_WARN_INT_CONVERSION = YES;
				CLANG_WARN_NON_LITERAL_NULL_CONVERSION = YES;
				CLANG_WARN_OBJC_IMPLICIT_RETAIN_SELF = YES;
				CLANG_WARN_OBJC_LITERAL_CONVERSION = YES;
				CLANG_WARN_OBJC_ROOT_CLASS = YES_ERROR;
				CLANG_WARN_QUOTED_INCLUDE_IN_FRAMEWORK_HEADER = YES;
				CLANG_WARN_RANGE_LOOP_ANALYSIS = YES;
				CLANG_WARN_STRICT_PROTOTYPES = YES;
				CLANG_WARN_SUSPICIOUS_MOVE = YES;
				CLANG_WARN_UNGUARDED_AVAILABILITY = YES_AGGRESSIVE;
				CLANG_WARN_UNREACHABLE_CODE = YES;
				CLANG_WARN__DUPLICATE_METHOD_MATCH = YES;
				COPY_PHASE_STRIP = NO;
				DEBUG_INFORMATION_FORMAT = dwarf;
				DEVELOPMENT_TEAM = 86X9WKP5UU;
				ENABLE_STRICT_OBJC_MSGSEND = YES;
				ENABLE_TESTABILITY = YES;
				ENABLE_USER_SCRIPT_SANDBOXING = NO;
				GCC_C_LANGUAGE_STANDARD = gnu17;
				GCC_DYNAMIC_NO_PIC = NO;
				GCC_NO_COMMON_BLOCKS = YES;
				GCC_OPTIMIZATION_LEVEL = 0;
				GCC_PREPROCESSOR_DEFINITIONS = (
					"DEBUG=1",
					"$(inherited)",
				);
				GCC_WARN_64_TO_32_BIT_CONVERSION = YES;
				GCC_WARN_ABOUT_RETURN_TYPE = YES_ERROR;
				GCC_WARN_UNDECLARED_SELECTOR = YES;
				GCC_WARN_UNINITIALIZED_AUTOS = YES_AGGRESSIVE;
				GCC_WARN_UNUSED_FUNCTION = YES;
				GCC_WARN_UNUSED_VARIABLE = YES;
				HEADER_SEARCH_PATHS = (
					/opt/homebrew/include/laszip/,
					"$(SRCROOT)/laz-rs-c/minilas/include",
					"$(SRCROOT)/laz-rs-c/lazrs/include",
				);
				LIBRARY_SEARCH_PATHS = (
					/opt/homebrew/lib,
					"$(SRCROOT)/laz-rs-c/lazrs/target/release",
				);
				LOCALIZATION_PREFERS_STRING_CATALOGS = YES;
				MACOSX_DEPLOYMENT_TARGET = 26.2;
				MODULEMAP_FILE = "";
				MODULEMAP_PRIVATE_FILE = "";
				MTL_ENABLE_DEBUG_INFO = INCLUDE_SOURCE;
				MTL_FAST_MATH = YES;
				ONLY_ACTIVE_ARCH = YES;
				OTHER_LDFLAGS = (
					"-llaszip",
				);
				OTHER_SWIFT_FLAGS = "";
				SDKROOT = macosx;
				SWIFT_ACTIVE_COMPILATION_CONDITIONS = "DEBUG $(inherited)";
				SWIFT_INCLUDE_PATHS = "$(PROJECT_DIR)/PointCloudPlayground/IO $(PROJECT_DIR)/PointCloudPlayground/laz-rs-c/minilas/include $(SRCROOT)/CustomModules";
				SWIFT_OBJC_INTEROP_MODE = objcxx;
				SWIFT_OPTIMIZATION_LEVEL = "-Onone";
				SWIFT_SYSTEM_INCLUDE_PATHS = "$(PROJECT_DIR)/IO";
				SYSTEM_HEADER_SEARCH_PATHS = (
					"$(SRCROOT)/laz-rs-c/minilas/include",
					"$(SRCROOT)/laz-rs-c/lazrs/include",
				);
				USER_HEADER_SEARCH_PATHS = "$(SRCROOT)/laz-rs-c/minilas/include";
			};
			name = Debug;
		};
		3BE32DCA2F4B173F0087AF8E /* Release */ = {
			isa = XCBuildConfiguration;
			buildSettings = {
				ALWAYS_SEARCH_USER_PATHS = NO;
				ASSETCATALOG_COMPILER_GENERATE_SWIFT_ASSET_SYMBOL_EXTENSIONS = YES;
				CLANG_ANALYZER_NONNULL = YES;
				CLANG_ANALYZER_NUMBER_OBJECT_CONVERSION = YES_AGGRESSIVE;
				CLANG_CXX_LANGUAGE_STANDARD = "gnu++20";
				CLANG_ENABLE_MODULES = YES;
				CLANG_ENABLE_OBJC_ARC = YES;
				CLANG_ENABLE_OBJC_WEAK = YES;
				CLANG_WARN_BLOCK_CAPTURE_AUTORELEASING = YES;
				CLANG_WARN_BOOL_CONVERSION = YES;
				CLANG_WARN_COMMA = YES;
				CLANG_WARN_CONSTANT_CONVERSION = YES;
				CLANG_WARN_DEPRECATED_OBJC_IMPLEMENTATIONS = YES;
				CLANG_WARN_DIRECT_OBJC_ISA_USAGE = YES_ERROR;
				CLANG_WARN_DOCUMENTATION_COMMENTS = YES;
				CLANG_WARN_EMPTY_BODY = YES;
				CLANG_WARN_ENUM_CONVERSION = YES;
				CLANG_WARN_INFINITE_RECURSION = YES;
				CLANG_WARN_INT_CONVERSION = YES;
				CLANG_WARN_NON_LITERAL_NULL_CONVERSION = YES;
				CLANG_WARN_OBJC_IMPLICIT_RETAIN_SELF = YES;
				CLANG_WARN_OBJC_LITERAL_CONVERSION = YES;
				CLANG_WARN_OBJC_ROOT_CLASS = YES_ERROR;
				CLANG_WARN_QUOTED_INCLUDE_IN_FRAMEWORK_HEADER = YES;
				CLANG_WARN_RANGE_LOOP_ANALYSIS = YES;
				CLANG_WARN_STRICT_PROTOTYPES = YES;
				CLANG_WARN_SUSPICIOUS_MOVE = YES;
				CLANG_WARN_UNGUARDED_AVAILABILITY = YES_AGGRESSIVE;
				CLANG_WARN_UNREACHABLE_CODE = YES;
				CLANG_WARN__DUPLICATE_METHOD_MATCH = YES;
				COPY_PHASE_STRIP = NO;
				DEBUG_INFORMATION_FORMAT = "dwarf-with-dsym";
				DEVELOPMENT_TEAM = 86X9WKP5UU;
				ENABLE_NS_ASSERTIONS = NO;
				ENABLE_STRICT_OBJC_MSGSEND = YES;
				ENABLE_USER_SCRIPT_SANDBOXING = NO;
				GCC_C_LANGUAGE_STANDARD = gnu17;
				GCC_NO_COMMON_BLOCKS = YES;
				GCC_WARN_64_TO_32_BIT_CONVERSION = YES;
				GCC_WARN_ABOUT_RETURN_TYPE = YES_ERROR;
				GCC_WARN_UNDECLARED_SELECTOR = YES;
				GCC_WARN_UNINITIALIZED_AUTOS = YES_AGGRESSIVE;
				GCC_WARN_UNUSED_FUNCTION = YES;
				GCC_WARN_UNUSED_VARIABLE = YES;
				HEADER_SEARCH_PATHS = (
					/opt/homebrew/include/laszip/,
					"$(SRCROOT)/laz-rs-c/minilas/include",
					"$(SRCROOT)/laz-rs-c/lazrs/include",
				);
				LIBRARY_SEARCH_PATHS = (
					/opt/homebrew/lib,
					"$(SRCROOT)/laz-rs-c/lazrs/target/release",
				);
				LOCALIZATION_PREFERS_STRING_CATALOGS = YES;
				MACOSX_DEPLOYMENT_TARGET = 26.2;
				MODULEMAP_FILE = "";
				MODULEMAP_PRIVATE_FILE = "";
				MTL_ENABLE_DEBUG_INFO = NO;
				MTL_FAST_MATH = YES;
				OTHER_LDFLAGS = (
					"-llaszip",
				);
				OTHER_SWIFT_FLAGS = "";
				SDKROOT = macosx;
				SWIFT_COMPILATION_MODE = wholemodule;
				SWIFT_INCLUDE_PATHS = "$(PROJECT_DIR)/PointCloudPlayground/IO $(PROJECT_DIR)/PointCloudPlayground/laz-rs-c/minilas/include $(SRCROOT)/CustomModules";
				SWIFT_OBJC_INTEROP_MODE = objcxx;
				SWIFT_SYSTEM_INCLUDE_PATHS = "$(PROJECT_DIR)/IO";
				SYSTEM_HEADER_SEARCH_PATHS = (
					"$(SRCROOT)/laz-rs-c/minilas/include",
					"$(SRCROOT)/laz-rs-c/lazrs/include",
				);
				USER_HEADER_SEARCH_PATHS = "$(SRCROOT)/laz-rs-c/minilas/include";
			};
			name = Release;
		};
		3BE32DCC2F4B173F0087AF8E /* Debug */ = {
			isa = XCBuildConfiguration;
			buildSettings = {
				ASSETCATALOG_COMPILER_APPICON_NAME = AppIcon;
				ASSETCATALOG_COMPILER_GLOBAL_ACCENT_COLOR_NAME = AccentColor;
				CLANG_ENABLE_MODULES = YES;
				"CODE_SIGN_IDENTITY[sdk=macosx*]" = "-";
				CODE_SIGN_STYLE = Automatic;
				COMBINE_HIDPI_IMAGES = YES;
				CURRENT_PROJECT_VERSION = 1;
				DEVELOPMENT_TEAM = 86X9WKP5UU;
				ENABLE_APP_SANDBOX = NO;
				ENABLE_HARDENED_RUNTIME = YES;
				ENABLE_PREVIEWS = YES;
				GENERATE_INFOPLIST_FILE = YES;
				INFOPLIST_KEY_NSHumanReadableCopyright = "";
				LD_RUNPATH_SEARCH_PATHS = (
					"$(inherited)",
					"@executable_path/../Frameworks",
				);
				LIBRARY_SEARCH_PATHS = (
					"$(inherited)",
					"$(PROJECT_DIR)/laz-rs-c/lazrs/target/release",
				);
				MARKETING_VERSION = 1.0;
				PRODUCT_BUNDLE_IDENTIFIER = Colin.PointCloudPlayground;
				PRODUCT_NAME = "$(TARGET_NAME)";
				REGISTER_APP_GROUPS = YES;
				STRING_CATALOG_GENERATE_SYMBOLS = YES;
				SWIFT_APPROACHABLE_CONCURRENCY = YES;
				SWIFT_DEFAULT_ACTOR_ISOLATION = MainActor;
				SWIFT_EMIT_LOC_STRINGS = YES;
				SWIFT_OBJC_BRIDGING_HEADER = "PointCloudPlayground/Rendering/PointCloudPlayground-Bridging-Header.h";
				SWIFT_OPTIMIZATION_LEVEL = "-Onone";
				SWIFT_UPCOMING_FEATURE_MEMBER_IMPORT_VISIBILITY = YES;
				SWIFT_VERSION = 5.0;
			};
			name = Debug;
		};
		3BE32DCD2F4B173F0087AF8E /* Release */ = {
			isa = XCBuildConfiguration;
			buildSettings = {
				ASSETCATALOG_COMPILER_APPICON_NAME = AppIcon;
				ASSETCATALOG_COMPILER_GLOBAL_ACCENT_COLOR_NAME = AccentColor;
				CLANG_ENABLE_MODULES = YES;
				"CODE_SIGN_IDENTITY[sdk=macosx*]" = "-";
				CODE_SIGN_STYLE = Automatic;
				COMBINE_HIDPI_IMAGES = YES;
				CURRENT_PROJECT_VERSION = 1;
				DEVELOPMENT_TEAM = 86X9WKP5UU;
				ENABLE_APP_SANDBOX = NO;
				ENABLE_HARDENED_RUNTIME = YES;
				ENABLE_PREVIEWS = YES;
				GENERATE_INFOPLIST_FILE = YES;
				INFOPLIST_KEY_NSHumanReadableCopyright = "";
				LD_RUNPATH_SEARCH_PATHS = (
					"$(inherited)",
					"@executable_path/../Frameworks",
				);
				LIBRARY_SEARCH_PATHS = (
					"$(inherited)",
					"$(PROJECT_DIR)/laz-rs-c/lazrs/target/release",
				);
				MARKETING_VERSION = 1.0;
				PRODUCT_BUNDLE_IDENTIFIER = Colin.PointCloudPlayground;
				PRODUCT_NAME = "$(TARGET_NAME)";
				REGISTER_APP_GROUPS = YES;
				STRING_CATALOG_GENERATE_SYMBOLS = YES;
				SWIFT_APPROACHABLE_CONCURRENCY = YES;
				SWIFT_DEFAULT_ACTOR_ISOLATION = MainActor;
				SWIFT_EMIT_LOC_STRINGS = YES;
				SWIFT_OBJC_BRIDGING_HEADER = "PointCloudPlayground/Rendering/PointCloudPlayground-Bridging-Header.h";
				SWIFT_UPCOMING_FEATURE_MEMBER_IMPORT_VISIBILITY = YES;
				SWIFT_VERSION = 5.0;
			};
			name = Release;
		};
/* End XCBuildConfiguration section */

/* Begin XCConfigurationList section */
		3BE045492F5F712200224274 /* Build configuration list for PBXNativeTarget "laz-rs-c" */ = {
			isa = XCConfigurationList;
			buildConfigurations = (
				3BE0454A2F5F712200224274 /* Debug */,
				3BE0454B2F5F712200224274 /* Release */,
			);
			defaultConfigurationIsVisible = 0;
			defaultConfigurationName = Release;
		};
		3BE32DB92F4B173E0087AF8E /* Build configuration list for PBXProject "PointCloudPlayground" */ = {
			isa = XCConfigurationList;
			buildConfigurations = (
				3BE32DC92F4B173F0087AF8E /* Debug */,
				3BE32DCA2F4B173F0087AF8E /* Release */,
			);
			defaultConfigurationIsVisible = 0;
			defaultConfigurationName = Release;
		};
		3BE32DCB2F4B173F0087AF8E /* Build configuration list for PBXNativeTarget "PointCloudPlayground" */ = {
			isa = XCConfigurationList;
			buildConfigurations = (
				3BE32DCC2F4B173F0087AF8E /* Debug */,
				3BE32DCD2F4B173F0087AF8E /* Release */,
			);
			defaultConfigurationIsVisible = 0;
			defaultConfigurationName = Release;
		};
/* End XCConfigurationList section */
	};
	rootObject = 3BE32DB62F4B173E0087AF8E /* Project object */;
}
